PODS:
  - SnapKit (5.0.1)
  - SwiftyButton (0.8.2)
  - SwiftyUtils (5.2.0)

DEPENDENCIES:
  - SnapKit
  - SwiftyButton
  - SwiftyUtils

SPEC REPOS:
  trunk:
    - SnapKit
    - SwiftyButton
    - SwiftyUtils

SPEC CHECKSUMS:
  SnapKit: 97b92857e3df3a0c71833cce143274bf6ef8e5eb
  SwiftyButton: 5b0ef314e9cf61cf8a83e456ddd1ea1f53f30598
  SwiftyUtils: 4c99e810e769063dbd5d4e83b486961a5d470aeb

PODFILE CHECKSUM: 718cabe976810d5240291d35c4042317b8026196

COCOAPODS: 1.10.0.rc.1
