// !$*UTF8*$!
{
	archiveVersion = 1;
	classes = {
	};
	objectVersion = 51;
	objects = {

/* Begin PBXBuildFile section */
		1CD57B2503CB9D0D2FEAA613 /* Pods_ChessModel.framework in Frameworks */ = {isa = PBXBuildFile; fileRef = 9851D41B5CB111B8B7BC19C0 /* Pods_ChessModel.framework */; };
		25EF0497217A01FE28A362D4 /* ChessViewController.swift in Sources */ = {isa = PBXBuildFile; fileRef = 25EF06631D69FF4EFEA1F928 /* ChessViewController.swift */; };
		25EF058525FCBE837819F379 /* FENFormat.swift in Sources */ = {isa = PBXBuildFile; fileRef = 25EF0ADC0FB7AF0046897D4E /* FENFormat.swift */; };
		25EF06E88AAD6FC055858235 /* MessageView.swift in Sources */ = {isa = PBXBuildFile; fileRef = 25EF039C56F589327ACA235E /* MessageView.swift */; };
		25EF072D18DD39503CFC6186 /* ChessBoardView.swift in Sources */ = {isa = PBXBuildFile; fileRef = 25EF0833BD2B0889637493FC /* ChessBoardView.swift */; };
		25EF073244AB386F6C2970A0 /* FontHelpers.swift in Sources */ = {isa = PBXBuildFile; fileRef = 25EF0EC8A99E6933C8204738 /* FontHelpers.swift */; };
		25EF08E8B521E39C9C67BB56 /* ChineseChessScene.swift in Sources */ = {isa = PBXBuildFile; fileRef = 25EF04B3CAD46C0A8854E866 /* ChineseChessScene.swift */; };
		25EF0A77D3729FDDDC41D009 /* 方正小篆体.ttf in Resources */ = {isa = PBXBuildFile; fileRef = 25EF0C7C6BDFE02C0AB99A3A /* 方正小篆体.ttf */; };
		25EF0A9A124A64A4921C5747 /* ChessSceneDelegate.swift in Sources */ = {isa = PBXBuildFile; fileRef = 25EF06E6131B9CB66F18A868 /* ChessSceneDelegate.swift */; };
		25EF0AF0865DE3909C6F1D49 /* ChessMessageDisplayer.swift in Sources */ = {isa = PBXBuildFile; fileRef = 25EF00AF5A22CAFA480C4EA1 /* ChessMessageDisplayer.swift */; };
		25EF0C242F170918AD520874 /* APIHelper.swift in Sources */ = {isa = PBXBuildFile; fileRef = 25EF07D606CC076ED7154506 /* APIHelper.swift */; };
		25EF0C3AA1BAEFAC6EE98E48 /* ChessAnimations.swift in Sources */ = {isa = PBXBuildFile; fileRef = 25EF0E910D03BB34DA13B5E5 /* ChessAnimations.swift */; };
		25EF0E59839C4BA63CFCF9CF /* ChessPieceTextureGenerator.swift in Sources */ = {isa = PBXBuildFile; fileRef = 25EF00C7D28605FE94F54BFC /* ChessPieceTextureGenerator.swift */; };
		25EF0FC959C0EC9D38830944 /* Chess3DViewController.swift in Sources */ = {isa = PBXBuildFile; fileRef = 25EF087CA32E46CDDA51DCD3 /* Chess3DViewController.swift */; };
		3C9472826127E7FAFEFEC10A /* Pods_ChineseChess.framework in Frameworks */ = {isa = PBXBuildFile; fileRef = 93A9E6E8A88ACEF5EEA5519B /* Pods_ChineseChess.framework */; };
		5A607B7D25C528CA00A7A2FF /* Board.swift in Sources */ = {isa = PBXBuildFile; fileRef = 25EF0FE8963830FD378654ED /* Board.swift */; };
		5A65254925BBAC5000FAB962 /* AppDelegate.swift in Sources */ = {isa = PBXBuildFile; fileRef = 5A65254825BBAC5000FAB962 /* AppDelegate.swift */; };
		5A65254B25BBAC5000FAB962 /* SceneDelegate.swift in Sources */ = {isa = PBXBuildFile; fileRef = 5A65254A25BBAC5000FAB962 /* SceneDelegate.swift */; };
		5A65255025BBAC5000FAB962 /* Main.storyboard in Resources */ = {isa = PBXBuildFile; fileRef = 5A65254E25BBAC5000FAB962 /* Main.storyboard */; };
		5A65255225BBAC5200FAB962 /* Assets.xcassets in Resources */ = {isa = PBXBuildFile; fileRef = 5A65255125BBAC5200FAB962 /* Assets.xcassets */; };
		5A65255525BBAC5200FAB962 /* LaunchScreen.storyboard in Resources */ = {isa = PBXBuildFile; fileRef = 5A65255325BBAC5200FAB962 /* LaunchScreen.storyboard */; };
		5A65256B25BBADEC00FAB962 /* ChessModel.framework in Frameworks */ = {isa = PBXBuildFile; fileRef = 5A65256225BBADEC00FAB962 /* ChessModel.framework */; };
		5A65257225BBADEC00FAB962 /* ChessModelTests.swift in Sources */ = {isa = PBXBuildFile; fileRef = 5A65257125BBADEC00FAB962 /* ChessModelTests.swift */; };
		5A65257425BBADEC00FAB962 /* ChessModel.h in Headers */ = {isa = PBXBuildFile; fileRef = 5A65256425BBADEC00FAB962 /* ChessModel.h */; settings = {ATTRIBUTES = (Public, ); }; };
		5A65257725BBADEC00FAB962 /* ChessModel.framework in Frameworks */ = {isa = PBXBuildFile; fileRef = 5A65256225BBADEC00FAB962 /* ChessModel.framework */; };
		5A65257825BBADEC00FAB962 /* ChessModel.framework in Embed Frameworks */ = {isa = PBXBuildFile; fileRef = 5A65256225BBADEC00FAB962 /* ChessModel.framework */; settings = {ATTRIBUTES = (CodeSignOnCopy, RemoveHeadersOnCopy, ); }; };
		5A65258325BBB18500FAB962 /* Array2D.swift in Sources */ = {isa = PBXBuildFile; fileRef = 5A65258225BBB18500FAB962 /* Array2D.swift */; };
		5A65258725BBB2A800FAB962 /* Piece.swift in Sources */ = {isa = PBXBuildFile; fileRef = 5A65258625BBB2A800FAB962 /* Piece.swift */; };
		5A65258B25BBB35400FAB962 /* Game.swift in Sources */ = {isa = PBXBuildFile; fileRef = 5A65258A25BBB35400FAB962 /* Game.swift */; };
		5A65259125BBB4DA00FAB962 /* Move.swift in Sources */ = {isa = PBXBuildFile; fileRef = 5A65259025BBB4DA00FAB962 /* Move.swift */; };
		5A65259525BBBBAF00FAB962 /* King.swift in Sources */ = {isa = PBXBuildFile; fileRef = 5A65259425BBBBAF00FAB962 /* King.swift */; };
		5A65259925BBCC3100FAB962 /* Advisor.swift in Sources */ = {isa = PBXBuildFile; fileRef = 5A65259825BBCC3100FAB962 /* Advisor.swift */; };
		5A65259D25BBCFEA00FAB962 /* Elephant.swift in Sources */ = {isa = PBXBuildFile; fileRef = 5A65259C25BBCFEA00FAB962 /* Elephant.swift */; };
		5A6525A125BBD2BC00FAB962 /* Horse.swift in Sources */ = {isa = PBXBuildFile; fileRef = 5A6525A025BBD2BC00FAB962 /* Horse.swift */; };
		5A6525A525BBD47800FAB962 /* Chariot.swift in Sources */ = {isa = PBXBuildFile; fileRef = 5A6525A425BBD47800FAB962 /* Chariot.swift */; };
		5A6525A925BBD7EE00FAB962 /* Soldier.swift in Sources */ = {isa = PBXBuildFile; fileRef = 5A6525A825BBD7EE00FAB962 /* Soldier.swift */; };
		5A6525AD25BBDC9200FAB962 /* Cannon.swift in Sources */ = {isa = PBXBuildFile; fileRef = 5A6525AC25BBDC9200FAB962 /* Cannon.swift */; };
		B7AE27F4BC6FCE7F325C0BB0 /* Pods_ChessModel_ChessModelTests.framework in Frameworks */ = {isa = PBXBuildFile; fileRef = AE9CA7CB7C8A074AFABBFAAA /* Pods_ChessModel_ChessModelTests.framework */; };
/* End PBXBuildFile section */

/* Begin PBXContainerItemProxy section */
		5A65256C25BBADEC00FAB962 /* PBXContainerItemProxy */ = {
			isa = PBXContainerItemProxy;
			containerPortal = 5A65253D25BBAC4F00FAB962 /* Project object */;
			proxyType = 1;
			remoteGlobalIDString = 5A65256125BBADEC00FAB962;
			remoteInfo = ChessModel;
		};
		5A65256E25BBADEC00FAB962 /* PBXContainerItemProxy */ = {
			isa = PBXContainerItemProxy;
			containerPortal = 5A65253D25BBAC4F00FAB962 /* Project object */;
			proxyType = 1;
			remoteGlobalIDString = 5A65254425BBAC5000FAB962;
			remoteInfo = ChineseChess;
		};
		5A65257525BBADEC00FAB962 /* PBXContainerItemProxy */ = {
			isa = PBXContainerItemProxy;
			containerPortal = 5A65253D25BBAC4F00FAB962 /* Project object */;
			proxyType = 1;
			remoteGlobalIDString = 5A65256125BBADEC00FAB962;
			remoteInfo = ChessModel;
		};
/* End PBXContainerItemProxy section */

/* Begin PBXCopyFilesBuildPhase section */
		5A65257C25BBADEC00FAB962 /* Embed Frameworks */ = {
			isa = PBXCopyFilesBuildPhase;
			buildActionMask = 2147483647;
			dstPath = "";
			dstSubfolderSpec = 10;
			files = (
				5A65257825BBADEC00FAB962 /* ChessModel.framework in Embed Frameworks */,
			);
			name = "Embed Frameworks";
			runOnlyForDeploymentPostprocessing = 0;
		};
/* End PBXCopyFilesBuildPhase section */

/* Begin PBXFileReference section */
		139C9777D556B2155D43D91D /* Pods-ChessModel.release.xcconfig */ = {isa = PBXFileReference; includeInIndex = 1; lastKnownFileType = text.xcconfig; name = "Pods-ChessModel.release.xcconfig"; path = "Target Support Files/Pods-ChessModel/Pods-ChessModel.release.xcconfig"; sourceTree = "<group>"; };
		25EF00AF5A22CAFA480C4EA1 /* ChessMessageDisplayer.swift */ = {isa = PBXFileReference; fileEncoding = 4; lastKnownFileType = sourcecode.swift; path = ChessMessageDisplayer.swift; sourceTree = "<group>"; };
		25EF00C7D28605FE94F54BFC /* ChessPieceTextureGenerator.swift */ = {isa = PBXFileReference; fileEncoding = 4; lastKnownFileType = sourcecode.swift; path = ChessPieceTextureGenerator.swift; sourceTree = "<group>"; };
		25EF039C56F589327ACA235E /* MessageView.swift */ = {isa = PBXFileReference; fileEncoding = 4; lastKnownFileType = sourcecode.swift; path = MessageView.swift; sourceTree = "<group>"; };
		25EF04B3CAD46C0A8854E866 /* ChineseChessScene.swift */ = {isa = PBXFileReference; fileEncoding = 4; lastKnownFileType = sourcecode.swift; path = ChineseChessScene.swift; sourceTree = "<group>"; };
		25EF06631D69FF4EFEA1F928 /* ChessViewController.swift */ = {isa = PBXFileReference; fileEncoding = 4; lastKnownFileType = sourcecode.swift; path = ChessViewController.swift; sourceTree = "<group>"; };
		25EF06E6131B9CB66F18A868 /* ChessSceneDelegate.swift */ = {isa = PBXFileReference; fileEncoding = 4; lastKnownFileType = sourcecode.swift; path = ChessSceneDelegate.swift; sourceTree = "<group>"; };
		25EF07D606CC076ED7154506 /* APIHelper.swift */ = {isa = PBXFileReference; fileEncoding = 4; lastKnownFileType = sourcecode.swift; path = APIHelper.swift; sourceTree = "<group>"; };
		25EF0833BD2B0889637493FC /* ChessBoardView.swift */ = {isa = PBXFileReference; fileEncoding = 4; lastKnownFileType = sourcecode.swift; path = ChessBoardView.swift; sourceTree = "<group>"; };
		25EF087CA32E46CDDA51DCD3 /* Chess3DViewController.swift */ = {isa = PBXFileReference; fileEncoding = 4; lastKnownFileType = sourcecode.swift; path = Chess3DViewController.swift; sourceTree = "<group>"; };
		25EF0ADC0FB7AF0046897D4E /* FENFormat.swift */ = {isa = PBXFileReference; fileEncoding = 4; lastKnownFileType = sourcecode.swift; path = FENFormat.swift; sourceTree = "<group>"; };
		25EF0C7C6BDFE02C0AB99A3A /* 方正小篆体.ttf */ = {isa = PBXFileReference; lastKnownFileType = file.ttf; path = "方正小篆体.ttf"; sourceTree = "<group>"; };
		25EF0E910D03BB34DA13B5E5 /* ChessAnimations.swift */ = {isa = PBXFileReference; fileEncoding = 4; lastKnownFileType = sourcecode.swift; path = ChessAnimations.swift; sourceTree = "<group>"; };
		25EF0EC8A99E6933C8204738 /* FontHelpers.swift */ = {isa = PBXFileReference; fileEncoding = 4; lastKnownFileType = sourcecode.swift; path = FontHelpers.swift; sourceTree = "<group>"; };
		25EF0FE8963830FD378654ED /* Board.swift */ = {isa = PBXFileReference; fileEncoding = 4; lastKnownFileType = sourcecode.swift; path = Board.swift; sourceTree = "<group>"; };
		2614648B8F4ACBBA464D94F5 /* Pods-ChineseChess.release.xcconfig */ = {isa = PBXFileReference; includeInIndex = 1; lastKnownFileType = text.xcconfig; name = "Pods-ChineseChess.release.xcconfig"; path = "Target Support Files/Pods-ChineseChess/Pods-ChineseChess.release.xcconfig"; sourceTree = "<group>"; };
		508DAB953635B909C3451867 /* Pods-ChineseChess.debug.xcconfig */ = {isa = PBXFileReference; includeInIndex = 1; lastKnownFileType = text.xcconfig; name = "Pods-ChineseChess.debug.xcconfig"; path = "Target Support Files/Pods-ChineseChess/Pods-ChineseChess.debug.xcconfig"; sourceTree = "<group>"; };
		5A65254525BBAC5000FAB962 /* ChineseChess.app */ = {isa = PBXFileReference; explicitFileType = wrapper.application; includeInIndex = 0; path = ChineseChess.app; sourceTree = BUILT_PRODUCTS_DIR; };
		5A65254825BBAC5000FAB962 /* AppDelegate.swift */ = {isa = PBXFileReference; lastKnownFileType = sourcecode.swift; path = AppDelegate.swift; sourceTree = "<group>"; };
		5A65254A25BBAC5000FAB962 /* SceneDelegate.swift */ = {isa = PBXFileReference; lastKnownFileType = sourcecode.swift; path = SceneDelegate.swift; sourceTree = "<group>"; };
		5A65254F25BBAC5000FAB962 /* Base */ = {isa = PBXFileReference; lastKnownFileType = file.storyboard; name = Base; path = Base.lproj/Main.storyboard; sourceTree = "<group>"; };
		5A65255125BBAC5200FAB962 /* Assets.xcassets */ = {isa = PBXFileReference; lastKnownFileType = folder.assetcatalog; path = Assets.xcassets; sourceTree = "<group>"; };
		5A65255425BBAC5200FAB962 /* Base */ = {isa = PBXFileReference; lastKnownFileType = file.storyboard; name = Base; path = Base.lproj/LaunchScreen.storyboard; sourceTree = "<group>"; };
		5A65255625BBAC5200FAB962 /* Info.plist */ = {isa = PBXFileReference; lastKnownFileType = text.plist.xml; path = Info.plist; sourceTree = "<group>"; };
		5A65256225BBADEC00FAB962 /* ChessModel.framework */ = {isa = PBXFileReference; explicitFileType = wrapper.framework; includeInIndex = 0; path = ChessModel.framework; sourceTree = BUILT_PRODUCTS_DIR; };
		5A65256425BBADEC00FAB962 /* ChessModel.h */ = {isa = PBXFileReference; lastKnownFileType = sourcecode.c.h; path = ChessModel.h; sourceTree = "<group>"; };
		5A65256525BBADEC00FAB962 /* Info.plist */ = {isa = PBXFileReference; lastKnownFileType = text.plist.xml; path = Info.plist; sourceTree = "<group>"; };
		5A65256A25BBADEC00FAB962 /* ChessModelTests.xctest */ = {isa = PBXFileReference; explicitFileType = wrapper.cfbundle; includeInIndex = 0; path = ChessModelTests.xctest; sourceTree = BUILT_PRODUCTS_DIR; };
		5A65257125BBADEC00FAB962 /* ChessModelTests.swift */ = {isa = PBXFileReference; lastKnownFileType = sourcecode.swift; path = ChessModelTests.swift; sourceTree = "<group>"; };
		5A65257325BBADEC00FAB962 /* Info.plist */ = {isa = PBXFileReference; lastKnownFileType = text.plist.xml; path = Info.plist; sourceTree = "<group>"; };
		5A65258225BBB18500FAB962 /* Array2D.swift */ = {isa = PBXFileReference; lastKnownFileType = sourcecode.swift; path = Array2D.swift; sourceTree = "<group>"; };
		5A65258625BBB2A800FAB962 /* Piece.swift */ = {isa = PBXFileReference; lastKnownFileType = sourcecode.swift; path = Piece.swift; sourceTree = "<group>"; };
		5A65258A25BBB35400FAB962 /* Game.swift */ = {isa = PBXFileReference; lastKnownFileType = sourcecode.swift; path = Game.swift; sourceTree = "<group>"; };
		5A65259025BBB4DA00FAB962 /* Move.swift */ = {isa = PBXFileReference; lastKnownFileType = sourcecode.swift; path = Move.swift; sourceTree = "<group>"; };
		5A65259425BBBBAF00FAB962 /* King.swift */ = {isa = PBXFileReference; lastKnownFileType = sourcecode.swift; path = King.swift; sourceTree = "<group>"; };
		5A65259825BBCC3100FAB962 /* Advisor.swift */ = {isa = PBXFileReference; lastKnownFileType = sourcecode.swift; path = Advisor.swift; sourceTree = "<group>"; };
		5A65259C25BBCFEA00FAB962 /* Elephant.swift */ = {isa = PBXFileReference; lastKnownFileType = sourcecode.swift; path = Elephant.swift; sourceTree = "<group>"; };
		5A6525A025BBD2BC00FAB962 /* Horse.swift */ = {isa = PBXFileReference; lastKnownFileType = sourcecode.swift; path = Horse.swift; sourceTree = "<group>"; };
		5A6525A425BBD47800FAB962 /* Chariot.swift */ = {isa = PBXFileReference; lastKnownFileType = sourcecode.swift; path = Chariot.swift; sourceTree = "<group>"; };
		5A6525A825BBD7EE00FAB962 /* Soldier.swift */ = {isa = PBXFileReference; lastKnownFileType = sourcecode.swift; path = Soldier.swift; sourceTree = "<group>"; };
		5A6525AC25BBDC9200FAB962 /* Cannon.swift */ = {isa = PBXFileReference; lastKnownFileType = sourcecode.swift; path = Cannon.swift; sourceTree = "<group>"; };
		93A9E6E8A88ACEF5EEA5519B /* Pods_ChineseChess.framework */ = {isa = PBXFileReference; explicitFileType = wrapper.framework; includeInIndex = 0; path = Pods_ChineseChess.framework; sourceTree = BUILT_PRODUCTS_DIR; };
		9851D41B5CB111B8B7BC19C0 /* Pods_ChessModel.framework */ = {isa = PBXFileReference; explicitFileType = wrapper.framework; includeInIndex = 0; path = Pods_ChessModel.framework; sourceTree = BUILT_PRODUCTS_DIR; };
		A3B20EC80150FEC1E461F082 /* Pods-ChessModel-ChessModelTests.debug.xcconfig */ = {isa = PBXFileReference; includeInIndex = 1; lastKnownFileType = text.xcconfig; name = "Pods-ChessModel-ChessModelTests.debug.xcconfig"; path = "Target Support Files/Pods-ChessModel-ChessModelTests/Pods-ChessModel-ChessModelTests.debug.xcconfig"; sourceTree = "<group>"; };
		AE9CA7CB7C8A074AFABBFAAA /* Pods_ChessModel_ChessModelTests.framework */ = {isa = PBXFileReference; explicitFileType = wrapper.framework; includeInIndex = 0; path = Pods_ChessModel_ChessModelTests.framework; sourceTree = BUILT_PRODUCTS_DIR; };
		CF673DE788EA6500FF6A8D92 /* Pods-ChessModel-ChessModelTests.release.xcconfig */ = {isa = PBXFileReference; includeInIndex = 1; lastKnownFileType = text.xcconfig; name = "Pods-ChessModel-ChessModelTests.release.xcconfig"; path = "Target Support Files/Pods-ChessModel-ChessModelTests/Pods-ChessModel-ChessModelTests.release.xcconfig"; sourceTree = "<group>"; };
		DBC3C40162C12A3019EC28C0 /* Pods-ChessModel.debug.xcconfig */ = {isa = PBXFileReference; includeInIndex = 1; lastKnownFileType = text.xcconfig; name = "Pods-ChessModel.debug.xcconfig"; path = "Target Support Files/Pods-ChessModel/Pods-ChessModel.debug.xcconfig"; sourceTree = "<group>"; };
/* End PBXFileReference section */

/* Begin PBXFrameworksBuildPhase section */
		5A65254225BBAC5000FAB962 /* Frameworks */ = {
			isa = PBXFrameworksBuildPhase;
			buildActionMask = 2147483647;
			files = (
				5A65257725BBADEC00FAB962 /* ChessModel.framework in Frameworks */,
				3C9472826127E7FAFEFEC10A /* Pods_ChineseChess.framework in Frameworks */,
			);
			runOnlyForDeploymentPostprocessing = 0;
		};
		5A65255F25BBADEC00FAB962 /* Frameworks */ = {
			isa = PBXFrameworksBuildPhase;
			buildActionMask = 2147483647;
			files = (
				1CD57B2503CB9D0D2FEAA613 /* Pods_ChessModel.framework in Frameworks */,
			);
			runOnlyForDeploymentPostprocessing = 0;
		};
		5A65256725BBADEC00FAB962 /* Frameworks */ = {
			isa = PBXFrameworksBuildPhase;
			buildActionMask = 2147483647;
			files = (
				5A65256B25BBADEC00FAB962 /* ChessModel.framework in Frameworks */,
				B7AE27F4BC6FCE7F325C0BB0 /* Pods_ChessModel_ChessModelTests.framework in Frameworks */,
			);
			runOnlyForDeploymentPostprocessing = 0;
		};
/* End PBXFrameworksBuildPhase section */

/* Begin PBXGroup section */
		25EF0749AE3B17FE666AE8C8 /* 3D */ = {
			isa = PBXGroup;
			children = (
				25EF087CA32E46CDDA51DCD3 /* Chess3DViewController.swift */,
				25EF04B3CAD46C0A8854E866 /* ChineseChessScene.swift */,
				25EF00C7D28605FE94F54BFC /* ChessPieceTextureGenerator.swift */,
				25EF0E910D03BB34DA13B5E5 /* ChessAnimations.swift */,
				25EF06E6131B9CB66F18A868 /* ChessSceneDelegate.swift */,
			);
			path = 3D;
			sourceTree = "<group>";
		};
		25EF074B7E908464D8C0F2B3 /* 2D */ = {
			isa = PBXGroup;
			children = (
				25EF0833BD2B0889637493FC /* ChessBoardView.swift */,
				25EF06631D69FF4EFEA1F928 /* ChessViewController.swift */,
			);
			path = 2D;
			sourceTree = "<group>";
		};
		25EF0C549E37585D13218E8F /* Common */ = {
			isa = PBXGroup;
			children = (
				25EF07D606CC076ED7154506 /* APIHelper.swift */,
				25EF0ADC0FB7AF0046897D4E /* FENFormat.swift */,
				25EF0EC8A99E6933C8204738 /* FontHelpers.swift */,
				25EF00AF5A22CAFA480C4EA1 /* ChessMessageDisplayer.swift */,
				25EF039C56F589327ACA235E /* MessageView.swift */,
			);
			path = Common;
			sourceTree = "<group>";
		};
		425EF154D19FBD57468EEFB8 /* Pods */ = {
			isa = PBXGroup;
			children = (
				DBC3C40162C12A3019EC28C0 /* Pods-ChessModel.debug.xcconfig */,
				139C9777D556B2155D43D91D /* Pods-ChessModel.release.xcconfig */,
				A3B20EC80150FEC1E461F082 /* Pods-ChessModel-ChessModelTests.debug.xcconfig */,
				CF673DE788EA6500FF6A8D92 /* Pods-ChessModel-ChessModelTests.release.xcconfig */,
				508DAB953635B909C3451867 /* Pods-ChineseChess.debug.xcconfig */,
				2614648B8F4ACBBA464D94F5 /* Pods-ChineseChess.release.xcconfig */,
			);
			path = Pods;
			sourceTree = "<group>";
		};
		507944A8B5FEA06EAAE081DD /* Frameworks */ = {
			isa = PBXGroup;
			children = (
				9851D41B5CB111B8B7BC19C0 /* Pods_ChessModel.framework */,
				AE9CA7CB7C8A074AFABBFAAA /* Pods_ChessModel_ChessModelTests.framework */,
				93A9E6E8A88ACEF5EEA5519B /* Pods_ChineseChess.framework */,
			);
			name = Frameworks;
			sourceTree = "<group>";
		};
		5A65253C25BBAC4F00FAB962 = {
			isa = PBXGroup;
			children = (
				5A65254725BBAC5000FAB962 /* ChineseChess */,
				5A65256325BBADEC00FAB962 /* ChessModel */,
				5A65257025BBADEC00FAB962 /* ChessModelTests */,
				5A65254625BBAC5000FAB962 /* Products */,
				425EF154D19FBD57468EEFB8 /* Pods */,
				507944A8B5FEA06EAAE081DD /* Frameworks */,
			);
			sourceTree = "<group>";
		};
		5A65254625BBAC5000FAB962 /* Products */ = {
			isa = PBXGroup;
			children = (
				5A65254525BBAC5000FAB962 /* ChineseChess.app */,
				5A65256225BBADEC00FAB962 /* ChessModel.framework */,
				5A65256A25BBADEC00FAB962 /* ChessModelTests.xctest */,
			);
			name = Products;
			sourceTree = "<group>";
		};
		5A65254725BBAC5000FAB962 /* ChineseChess */ = {
			isa = PBXGroup;
			children = (
				5A65254825BBAC5000FAB962 /* AppDelegate.swift */,
				5A65254A25BBAC5000FAB962 /* SceneDelegate.swift */,
				5A65254E25BBAC5000FAB962 /* Main.storyboard */,
				5A65255125BBAC5200FAB962 /* Assets.xcassets */,
				5A65255325BBAC5200FAB962 /* LaunchScreen.storyboard */,
				5A65255625BBAC5200FAB962 /* Info.plist */,
				25EF0C549E37585D13218E8F /* Common */,
				25EF074B7E908464D8C0F2B3 /* 2D */,
				25EF0749AE3B17FE666AE8C8 /* 3D */,
				25EF0C7C6BDFE02C0AB99A3A /* 方正小篆体.ttf */,
			);
			path = ChineseChess;
			sourceTree = "<group>";
		};
		5A65256325BBADEC00FAB962 /* ChessModel */ = {
			isa = PBXGroup;
			children = (
				5A65256425BBADEC00FAB962 /* ChessModel.h */,
				5A65256525BBADEC00FAB962 /* Info.plist */,
				5A65258225BBB18500FAB962 /* Array2D.swift */,
				5A65258625BBB2A800FAB962 /* Piece.swift */,
				5A65259825BBCC3100FAB962 /* Advisor.swift */,
				5A65259C25BBCFEA00FAB962 /* Elephant.swift */,
				5A65259425BBBBAF00FAB962 /* King.swift */,
				5A6525A025BBD2BC00FAB962 /* Horse.swift */,
				5A6525A425BBD47800FAB962 /* Chariot.swift */,
				5A6525A825BBD7EE00FAB962 /* Soldier.swift */,
				5A6525AC25BBDC9200FAB962 /* Cannon.swift */,
				5A65258A25BBB35400FAB962 /* Game.swift */,
				5A65259025BBB4DA00FAB962 /* Move.swift */,
				25EF0FE8963830FD378654ED /* Board.swift */,
			);
			path = ChessModel;
			sourceTree = "<group>";
		};
		5A65257025BBADEC00FAB962 /* ChessModelTests */ = {
			isa = PBXGroup;
			children = (
				5A65257125BBADEC00FAB962 /* ChessModelTests.swift */,
				5A65257325BBADEC00FAB962 /* Info.plist */,
			);
			path = ChessModelTests;
			sourceTree = "<group>";
		};
/* End PBXGroup section */

/* Begin PBXHeadersBuildPhase section */
		5A65255D25BBADEC00FAB962 /* Headers */ = {
			isa = PBXHeadersBuildPhase;
			buildActionMask = 2147483647;
			files = (
				5A65257425BBADEC00FAB962 /* ChessModel.h in Headers */,
			);
			runOnlyForDeploymentPostprocessing = 0;
		};
/* End PBXHeadersBuildPhase section */

/* Begin PBXNativeTarget section */
		5A65254425BBAC5000FAB962 /* ChineseChess */ = {
			isa = PBXNativeTarget;
			buildConfigurationList = 5A65255925BBAC5200FAB962 /* Build configuration list for PBXNativeTarget "ChineseChess" */;
			buildPhases = (
				D850E74D968D45E017D7D976 /* [CP] Check Pods Manifest.lock */,
				5A65254125BBAC5000FAB962 /* Sources */,
				5A65254225BBAC5000FAB962 /* Frameworks */,
				5A65254325BBAC5000FAB962 /* Resources */,
				5A65257C25BBADEC00FAB962 /* Embed Frameworks */,
				6B6E802D7FE5460D8071940E /* [CP] Embed Pods Frameworks */,
			);
			buildRules = (
			);
			dependencies = (
				5A65257625BBADEC00FAB962 /* PBXTargetDependency */,
			);
			name = ChineseChess;
			productName = ChineseChess;
			productReference = 5A65254525BBAC5000FAB962 /* ChineseChess.app */;
			productType = "com.apple.product-type.application";
		};
		5A65256125BBADEC00FAB962 /* ChessModel */ = {
			isa = PBXNativeTarget;
			buildConfigurationList = 5A65257925BBADEC00FAB962 /* Build configuration list for PBXNativeTarget "ChessModel" */;
			buildPhases = (
				D5372C630CEB7A139F1D5D0F /* [CP] Check Pods Manifest.lock */,
				5A65255D25BBADEC00FAB962 /* Headers */,
				5A65255E25BBADEC00FAB962 /* Sources */,
				5A65255F25BBADEC00FAB962 /* Frameworks */,
				5A65256025BBADEC00FAB962 /* Resources */,
			);
			buildRules = (
			);
			dependencies = (
			);
			name = ChessModel;
			productName = ChessModel;
			productReference = 5A65256225BBADEC00FAB962 /* ChessModel.framework */;
			productType = "com.apple.product-type.framework";
		};
		5A65256925BBADEC00FAB962 /* ChessModelTests */ = {
			isa = PBXNativeTarget;
			buildConfigurationList = 5A65257D25BBADEC00FAB962 /* Build configuration list for PBXNativeTarget "ChessModelTests" */;
			buildPhases = (
				1DE398879213571327316114 /* [CP] Check Pods Manifest.lock */,
				5A65256625BBADEC00FAB962 /* Sources */,
				5A65256725BBADEC00FAB962 /* Frameworks */,
				5A65256825BBADEC00FAB962 /* Resources */,
			);
			buildRules = (
			);
			dependencies = (
				5A65256D25BBADEC00FAB962 /* PBXTargetDependency */,
				5A65256F25BBADEC00FAB962 /* PBXTargetDependency */,
			);
			name = ChessModelTests;
			productName = ChessModelTests;
			productReference = 5A65256A25BBADEC00FAB962 /* ChessModelTests.xctest */;
			productType = "com.apple.product-type.bundle.unit-test";
		};
/* End PBXNativeTarget section */

/* Begin PBXProject section */
		5A65253D25BBAC4F00FAB962 /* Project object */ = {
			isa = PBXProject;
			attributes = {
				LastSwiftUpdateCheck = 1210;
				LastUpgradeCheck = 1210;
				TargetAttributes = {
					5A65254425BBAC5000FAB962 = {
						CreatedOnToolsVersion = 12.1;
					};
					5A65256125BBADEC00FAB962 = {
						CreatedOnToolsVersion = 12.1;
						LastSwiftMigration = 1210;
					};
					5A65256925BBADEC00FAB962 = {
						CreatedOnToolsVersion = 12.1;
						TestTargetID = 5A65254425BBAC5000FAB962;
					};
				};
			};
			buildConfigurationList = 5A65254025BBAC4F00FAB962 /* Build configuration list for PBXProject "ChineseChess" */;
			compatibilityVersion = "Xcode 9.3";
			developmentRegion = en;
			hasScannedForEncodings = 0;
			knownRegions = (
				en,
				Base,
			);
			mainGroup = 5A65253C25BBAC4F00FAB962;
			productRefGroup = 5A65254625BBAC5000FAB962 /* Products */;
			projectDirPath = "";
			projectRoot = "";
			targets = (
				5A65254425BBAC5000FAB962 /* ChineseChess */,
				5A65256125BBADEC00FAB962 /* ChessModel */,
				5A65256925BBADEC00FAB962 /* ChessModelTests */,
			);
		};
/* End PBXProject section */

/* Begin PBXResourcesBuildPhase section */
		5A65254325BBAC5000FAB962 /* Resources */ = {
			isa = PBXResourcesBuildPhase;
			buildActionMask = 2147483647;
			files = (
				5A65255525BBAC5200FAB962 /* LaunchScreen.storyboard in Resources */,
				5A65255225BBAC5200FAB962 /* Assets.xcassets in Resources */,
				5A65255025BBAC5000FAB962 /* Main.storyboard in Resources */,
				25EF0A77D3729FDDDC41D009 /* 方正小篆体.ttf in Resources */,
			);
			runOnlyForDeploymentPostprocessing = 0;
		};
		5A65256025BBADEC00FAB962 /* Resources */ = {
			isa = PBXResourcesBuildPhase;
			buildActionMask = 2147483647;
			files = (
			);
			runOnlyForDeploymentPostprocessing = 0;
		};
		5A65256825BBADEC00FAB962 /* Resources */ = {
			isa = PBXResourcesBuildPhase;
			buildActionMask = 2147483647;
			files = (
			);
			runOnlyForDeploymentPostprocessing = 0;
		};
/* End PBXResourcesBuildPhase section */

/* Begin PBXShellScriptBuildPhase section */
		1DE398879213571327316114 /* [CP] Check Pods Manifest.lock */ = {
			isa = PBXShellScriptBuildPhase;
			buildActionMask = 2147483647;
			files = (
			);
			inputFileListPaths = (
			);
			inputPaths = (
				"${PODS_PODFILE_DIR_PATH}/Podfile.lock",
				"${PODS_ROOT}/Manifest.lock",
			);
			name = "[CP] Check Pods Manifest.lock";
			outputFileListPaths = (
			);
			outputPaths = (
				"$(DERIVED_FILE_DIR)/Pods-ChessModel-ChessModelTests-checkManifestLockResult.txt",
			);
			runOnlyForDeploymentPostprocessing = 0;
			shellPath = /bin/sh;
			shellScript = "diff \"${PODS_PODFILE_DIR_PATH}/Podfile.lock\" \"${PODS_ROOT}/Manifest.lock\" > /dev/null\nif [ $? != 0 ] ; then\n    # print error to STDERR\n    echo \"error: The sandbox is not in sync with the Podfile.lock. Run 'pod install' or update your CocoaPods installation.\" >&2\n    exit 1\nfi\n# This output is used by Xcode 'outputs' to avoid re-running this script phase.\necho \"SUCCESS\" > \"${SCRIPT_OUTPUT_FILE_0}\"\n";
			showEnvVarsInLog = 0;
		};
		6B6E802D7FE5460D8071940E /* [CP] Embed Pods Frameworks */ = {
			isa = PBXShellScriptBuildPhase;
			buildActionMask = 2147483647;
			files = (
			);
			inputFileListPaths = (
				"${PODS_ROOT}/Target Support Files/Pods-ChineseChess/Pods-ChineseChess-frameworks-${CONFIGURATION}-input-files.xcfilelist",
			);
			name = "[CP] Embed Pods Frameworks";
			outputFileListPaths = (
				"${PODS_ROOT}/Target Support Files/Pods-ChineseChess/Pods-ChineseChess-frameworks-${CONFIGURATION}-output-files.xcfilelist",
			);
			runOnlyForDeploymentPostprocessing = 0;
			shellPath = /bin/sh;
			shellScript = "\"${PODS_ROOT}/Target Support Files/Pods-ChineseChess/Pods-ChineseChess-frameworks.sh\"\n";
			showEnvVarsInLog = 0;
		};
		D5372C630CEB7A139F1D5D0F /* [CP] Check Pods Manifest.lock */ = {
			isa = PBXShellScriptBuildPhase;
			buildActionMask = 2147483647;
			files = (
			);
			inputFileListPaths = (
			);
			inputPaths = (
				"${PODS_PODFILE_DIR_PATH}/Podfile.lock",
				"${PODS_ROOT}/Manifest.lock",
			);
			name = "[CP] Check Pods Manifest.lock";
			outputFileListPaths = (
			);
			outputPaths = (
				"$(DERIVED_FILE_DIR)/Pods-ChessModel-checkManifestLockResult.txt",
			);
			runOnlyForDeploymentPostprocessing = 0;
			shellPath = /bin/sh;
			shellScript = "diff \"${PODS_PODFILE_DIR_PATH}/Podfile.lock\" \"${PODS_ROOT}/Manifest.lock\" > /dev/null\nif [ $? != 0 ] ; then\n    # print error to STDERR\n    echo \"error: The sandbox is not in sync with the Podfile.lock. Run 'pod install' or update your CocoaPods installation.\" >&2\n    exit 1\nfi\n# This output is used by Xcode 'outputs' to avoid re-running this script phase.\necho \"SUCCESS\" > \"${SCRIPT_OUTPUT_FILE_0}\"\n";
			showEnvVarsInLog = 0;
		};
		D850E74D968D45E017D7D976 /* [CP] Check Pods Manifest.lock */ = {
			isa = PBXShellScriptBuildPhase;
			buildActionMask = 2147483647;
			files = (
			);
			inputFileListPaths = (
			);
			inputPaths = (
				"${PODS_PODFILE_DIR_PATH}/Podfile.lock",
				"${PODS_ROOT}/Manifest.lock",
			);
			name = "[CP] Check Pods Manifest.lock";
			outputFileListPaths = (
			);
			outputPaths = (
				"$(DERIVED_FILE_DIR)/Pods-ChineseChess-checkManifestLockResult.txt",
			);
			runOnlyForDeploymentPostprocessing = 0;
			shellPath = /bin/sh;
			shellScript = "diff \"${PODS_PODFILE_DIR_PATH}/Podfile.lock\" \"${PODS_ROOT}/Manifest.lock\" > /dev/null\nif [ $? != 0 ] ; then\n    # print error to STDERR\n    echo \"error: The sandbox is not in sync with the Podfile.lock. Run 'pod install' or update your CocoaPods installation.\" >&2\n    exit 1\nfi\n# This output is used by Xcode 'outputs' to avoid re-running this script phase.\necho \"SUCCESS\" > \"${SCRIPT_OUTPUT_FILE_0}\"\n";
			showEnvVarsInLog = 0;
		};
/* End PBXShellScriptBuildPhase section */

/* Begin PBXSourcesBuildPhase section */
		5A65254125BBAC5000FAB962 /* Sources */ = {
			isa = PBXSourcesBuildPhase;
			buildActionMask = 2147483647;
			files = (
				5A65254925BBAC5000FAB962 /* AppDelegate.swift in Sources */,
				5A65254B25BBAC5000FAB962 /* SceneDelegate.swift in Sources */,
				25EF0C242F170918AD520874 /* APIHelper.swift in Sources */,
				25EF058525FCBE837819F379 /* FENFormat.swift in Sources */,
				25EF073244AB386F6C2970A0 /* FontHelpers.swift in Sources */,
				25EF072D18DD39503CFC6186 /* ChessBoardView.swift in Sources */,
				25EF0497217A01FE28A362D4 /* ChessViewController.swift in Sources */,
				25EF0FC959C0EC9D38830944 /* Chess3DViewController.swift in Sources */,
				25EF08E8B521E39C9C67BB56 /* ChineseChessScene.swift in Sources */,
				25EF0E59839C4BA63CFCF9CF /* ChessPieceTextureGenerator.swift in Sources */,
				25EF0C3AA1BAEFAC6EE98E48 /* ChessAnimations.swift in Sources */,
				25EF0AF0865DE3909C6F1D49 /* ChessMessageDisplayer.swift in Sources */,
				25EF06E88AAD6FC055858235 /* MessageView.swift in Sources */,
				25EF0A9A124A64A4921C5747 /* ChessSceneDelegate.swift in Sources */,
			);
			runOnlyForDeploymentPostprocessing = 0;
		};
		5A65255E25BBADEC00FAB962 /* Sources */ = {
			isa = PBXSourcesBuildPhase;
			buildActionMask = 2147483647;
			files = (
				5A65259125BBB4DA00FAB962 /* Move.swift in Sources */,
				5A65258725BBB2A800FAB962 /* Piece.swift in Sources */,
				5A607B7D25C528CA00A7A2FF /* Board.swift in Sources */,
				5A65258325BBB18500FAB962 /* Array2D.swift in Sources */,
				5A65258B25BBB35400FAB962 /* Game.swift in Sources */,
				5A65259925BBCC3100FAB962 /* Advisor.swift in Sources */,
				5A65259D25BBCFEA00FAB962 /* Elephant.swift in Sources */,
				5A6525A925BBD7EE00FAB962 /* Soldier.swift in Sources */,
				5A65259525BBBBAF00FAB962 /* King.swift in Sources */,
				5A6525A525BBD47800FAB962 /* Chariot.swift in Sources */,
				5A6525AD25BBDC9200FAB962 /* Cannon.swift in Sources */,
				5A6525A125BBD2BC00FAB962 /* Horse.swift in Sources */,
			);
			runOnlyForDeploymentPostprocessing = 0;
		};
		5A65256625BBADEC00FAB962 /* Sources */ = {
			isa = PBXSourcesBuildPhase;
			buildActionMask = 2147483647;
			files = (
				5A65257225BBADEC00FAB962 /* ChessModelTests.swift in Sources */,
			);
			runOnlyForDeploymentPostprocessing = 0;
		};
/* End PBXSourcesBuildPhase section */

/* Begin PBXTargetDependency section */
		5A65256D25BBADEC00FAB962 /* PBXTargetDependency */ = {
			isa = PBXTargetDependency;
			target = 5A65256125BBADEC00FAB962 /* ChessModel */;
			targetProxy = 5A65256C25BBADEC00FAB962 /* PBXContainerItemProxy */;
		};
		5A65256F25BBADEC00FAB962 /* PBXTargetDependency */ = {
			isa = PBXTargetDependency;
			target = 5A65254425BBAC5000FAB962 /* ChineseChess */;
			targetProxy = 5A65256E25BBADEC00FAB962 /* PBXContainerItemProxy */;
		};
		5A65257625BBADEC00FAB962 /* PBXTargetDependency */ = {
			isa = PBXTargetDependency;
			target = 5A65256125BBADEC00FAB962 /* ChessModel */;
			targetProxy = 5A65257525BBADEC00FAB962 /* PBXContainerItemProxy */;
		};
/* End PBXTargetDependency section */

/* Begin PBXVariantGroup section */
		5A65254E25BBAC5000FAB962 /* Main.storyboard */ = {
			isa = PBXVariantGroup;
			children = (
				5A65254F25BBAC5000FAB962 /* Base */,
			);
			name = Main.storyboard;
			sourceTree = "<group>";
		};
		5A65255325BBAC5200FAB962 /* LaunchScreen.storyboard */ = {
			isa = PBXVariantGroup;
			children = (
				5A65255425BBAC5200FAB962 /* Base */,
			);
			name = LaunchScreen.storyboard;
			sourceTree = "<group>";
		};
/* End PBXVariantGroup section */

/* Begin XCBuildConfiguration section */
		5A65255725BBAC5200FAB962 /* Debug */ = {
			isa = XCBuildConfiguration;
			buildSettings = {
				ALWAYS_SEARCH_USER_PATHS = NO;
				CLANG_ANALYZER_NONNULL = YES;
				CLANG_ANALYZER_NUMBER_OBJECT_CONVERSION = YES_AGGRESSIVE;
				CLANG_CXX_LANGUAGE_STANDARD = "gnu++14";
				CLANG_CXX_LIBRARY = "libc++";
				CLANG_ENABLE_MODULES = YES;
				CLANG_ENABLE_OBJC_ARC = YES;
				CLANG_ENABLE_OBJC_WEAK = YES;
				CLANG_WARN_BLOCK_CAPTURE_AUTORELEASING = YES;
				CLANG_WARN_BOOL_CONVERSION = YES;
				CLANG_WARN_COMMA = YES;
				CLANG_WARN_CONSTANT_CONVERSION = YES;
				CLANG_WARN_DEPRECATED_OBJC_IMPLEMENTATIONS = YES;
				CLANG_WARN_DIRECT_OBJC_ISA_USAGE = YES_ERROR;
				CLANG_WARN_DOCUMENTATION_COMMENTS = YES;
				CLANG_WARN_EMPTY_BODY = YES;
				CLANG_WARN_ENUM_CONVERSION = YES;
				CLANG_WARN_INFINITE_RECURSION = YES;
				CLANG_WARN_INT_CONVERSION = YES;
				CLANG_WARN_NON_LITERAL_NULL_CONVERSION = YES;
				CLANG_WARN_OBJC_IMPLICIT_RETAIN_SELF = YES;
				CLANG_WARN_OBJC_LITERAL_CONVERSION = YES;
				CLANG_WARN_OBJC_ROOT_CLASS = YES_ERROR;
				CLANG_WARN_QUOTED_INCLUDE_IN_FRAMEWORK_HEADER = YES;
				CLANG_WARN_RANGE_LOOP_ANALYSIS = YES;
				CLANG_WARN_STRICT_PROTOTYPES = YES;
				CLANG_WARN_SUSPICIOUS_MOVE = YES;
				CLANG_WARN_UNGUARDED_AVAILABILITY = YES_AGGRESSIVE;
				CLANG_WARN_UNREACHABLE_CODE = YES;
				CLANG_WARN__DUPLICATE_METHOD_MATCH = YES;
				COPY_PHASE_STRIP = NO;
				DEBUG_INFORMATION_FORMAT = dwarf;
				ENABLE_STRICT_OBJC_MSGSEND = YES;
				ENABLE_TESTABILITY = YES;
				GCC_C_LANGUAGE_STANDARD = gnu11;
				GCC_DYNAMIC_NO_PIC = NO;
				GCC_NO_COMMON_BLOCKS = YES;
				GCC_OPTIMIZATION_LEVEL = 0;
				GCC_PREPROCESSOR_DEFINITIONS = (
					"DEBUG=1",
					"$(inherited)",
				);
				GCC_WARN_64_TO_32_BIT_CONVERSION = YES;
				GCC_WARN_ABOUT_RETURN_TYPE = YES_ERROR;
				GCC_WARN_UNDECLARED_SELECTOR = YES;
				GCC_WARN_UNINITIALIZED_AUTOS = YES_AGGRESSIVE;
				GCC_WARN_UNUSED_FUNCTION = YES;
				GCC_WARN_UNUSED_VARIABLE = YES;
				IPHONEOS_DEPLOYMENT_TARGET = 14.0;
				MTL_ENABLE_DEBUG_INFO = INCLUDE_SOURCE;
				MTL_FAST_MATH = YES;
				ONLY_ACTIVE_ARCH = YES;
				SDKROOT = iphoneos;
				SWIFT_ACTIVE_COMPILATION_CONDITIONS = DEBUG;
				SWIFT_OPTIMIZATION_LEVEL = "-Onone";
			};
			name = Debug;
		};
		5A65255825BBAC5200FAB962 /* Release */ = {
			isa = XCBuildConfiguration;
			buildSettings = {
				ALWAYS_SEARCH_USER_PATHS = NO;
				CLANG_ANALYZER_NONNULL = YES;
				CLANG_ANALYZER_NUMBER_OBJECT_CONVERSION = YES_AGGRESSIVE;
				CLANG_CXX_LANGUAGE_STANDARD = "gnu++14";
				CLANG_CXX_LIBRARY = "libc++";
				CLANG_ENABLE_MODULES = YES;
				CLANG_ENABLE_OBJC_ARC = YES;
				CLANG_ENABLE_OBJC_WEAK = YES;
				CLANG_WARN_BLOCK_CAPTURE_AUTORELEASING = YES;
				CLANG_WARN_BOOL_CONVERSION = YES;
				CLANG_WARN_COMMA = YES;
				CLANG_WARN_CONSTANT_CONVERSION = YES;
				CLANG_WARN_DEPRECATED_OBJC_IMPLEMENTATIONS = YES;
				CLANG_WARN_DIRECT_OBJC_ISA_USAGE = YES_ERROR;
				CLANG_WARN_DOCUMENTATION_COMMENTS = YES;
				CLANG_WARN_EMPTY_BODY = YES;
				CLANG_WARN_ENUM_CONVERSION = YES;
				CLANG_WARN_INFINITE_RECURSION = YES;
				CLANG_WARN_INT_CONVERSION = YES;
				CLANG_WARN_NON_LITERAL_NULL_CONVERSION = YES;
				CLANG_WARN_OBJC_IMPLICIT_RETAIN_SELF = YES;
				CLANG_WARN_OBJC_LITERAL_CONVERSION = YES;
				CLANG_WARN_OBJC_ROOT_CLASS = YES_ERROR;
				CLANG_WARN_QUOTED_INCLUDE_IN_FRAMEWORK_HEADER = YES;
				CLANG_WARN_RANGE_LOOP_ANALYSIS = YES;
				CLANG_WARN_STRICT_PROTOTYPES = YES;
				CLANG_WARN_SUSPICIOUS_MOVE = YES;
				CLANG_WARN_UNGUARDED_AVAILABILITY = YES_AGGRESSIVE;
				CLANG_WARN_UNREACHABLE_CODE = YES;
				CLANG_WARN__DUPLICATE_METHOD_MATCH = YES;
				COPY_PHASE_STRIP = NO;
				DEBUG_INFORMATION_FORMAT = "dwarf-with-dsym";
				ENABLE_NS_ASSERTIONS = NO;
				ENABLE_STRICT_OBJC_MSGSEND = YES;
				GCC_C_LANGUAGE_STANDARD = gnu11;
				GCC_NO_COMMON_BLOCKS = YES;
				GCC_WARN_64_TO_32_BIT_CONVERSION = YES;
				GCC_WARN_ABOUT_RETURN_TYPE = YES_ERROR;
				GCC_WARN_UNDECLARED_SELECTOR = YES;
				GCC_WARN_UNINITIALIZED_AUTOS = YES_AGGRESSIVE;
				GCC_WARN_UNUSED_FUNCTION = YES;
				GCC_WARN_UNUSED_VARIABLE = YES;
				IPHONEOS_DEPLOYMENT_TARGET = 14.0;
				MTL_ENABLE_DEBUG_INFO = NO;
				MTL_FAST_MATH = YES;
				SDKROOT = iphoneos;
				SWIFT_COMPILATION_MODE = wholemodule;
				SWIFT_OPTIMIZATION_LEVEL = "-O";
				VALIDATE_PRODUCT = YES;
			};
			name = Release;
		};
		5A65255A25BBAC5200FAB962 /* Debug */ = {
			isa = XCBuildConfiguration;
			baseConfigurationReference = 508DAB953635B909C3451867 /* Pods-ChineseChess.debug.xcconfig */;
			buildSettings = {
				ALWAYS_EMBED_SWIFT_STANDARD_LIBRARIES = YES;
				ASSETCATALOG_COMPILER_APPICON_NAME = AppIcon;
				ASSETCATALOG_COMPILER_GLOBAL_ACCENT_COLOR_NAME = AccentColor;
				CODE_SIGN_STYLE = Automatic;
				DEVELOPMENT_TEAM = E9MW74DJ4Y;
				INFOPLIST_FILE = ChineseChess/Info.plist;
				LD_RUNPATH_SEARCH_PATHS = (
					"$(inherited)",
					"@executable_path/Frameworks",
				);
				PRODUCT_BUNDLE_IDENTIFIER = io.github.sweeper777.ChineseChess;
				PRODUCT_NAME = "$(TARGET_NAME)";
				SWIFT_VERSION = 5.0;
				TARGETED_DEVICE_FAMILY = "1,2";
			};
			name = Debug;
		};
		5A65255B25BBAC5200FAB962 /* Release */ = {
			isa = XCBuildConfiguration;
			baseConfigurationReference = 2614648B8F4ACBBA464D94F5 /* Pods-ChineseChess.release.xcconfig */;
			buildSettings = {
				ALWAYS_EMBED_SWIFT_STANDARD_LIBRARIES = YES;
				ASSETCATALOG_COMPILER_APPICON_NAME = AppIcon;
				ASSETCATALOG_COMPILER_GLOBAL_ACCENT_COLOR_NAME = AccentColor;
				CODE_SIGN_STYLE = Automatic;
				DEVELOPMENT_TEAM = E9MW74DJ4Y;
				INFOPLIST_FILE = ChineseChess/Info.plist;
				LD_RUNPATH_SEARCH_PATHS = (
					"$(inherited)",
					"@executable_path/Frameworks",
				);
				PRODUCT_BUNDLE_IDENTIFIER = io.github.sweeper777.ChineseChess;
				PRODUCT_NAME = "$(TARGET_NAME)";
				SWIFT_VERSION = 5.0;
				TARGETED_DEVICE_FAMILY = "1,2";
			};
			name = Release;
		};
		5A65257A25BBADEC00FAB962 /* Debug */ = {
			isa = XCBuildConfiguration;
			baseConfigurationReference = DBC3C40162C12A3019EC28C0 /* Pods-ChessModel.debug.xcconfig */;
			buildSettings = {
				CLANG_ENABLE_MODULES = YES;
				CODE_SIGN_STYLE = Automatic;
				CURRENT_PROJECT_VERSION = 1;
				DEFINES_MODULE = YES;
				DEVELOPMENT_TEAM = E9MW74DJ4Y;
				DYLIB_COMPATIBILITY_VERSION = 1;
				DYLIB_CURRENT_VERSION = 1;
				DYLIB_INSTALL_NAME_BASE = "@rpath";
				INFOPLIST_FILE = ChessModel/Info.plist;
				INSTALL_PATH = "$(LOCAL_LIBRARY_DIR)/Frameworks";
				LD_RUNPATH_SEARCH_PATHS = (
					"$(inherited)",
					"@executable_path/Frameworks",
					"@loader_path/Frameworks",
				);
				PRODUCT_BUNDLE_IDENTIFIER = io.github.sweeper777.ChessModel;
				PRODUCT_NAME = "$(TARGET_NAME:c99extidentifier)";
				SKIP_INSTALL = YES;
				SWIFT_OPTIMIZATION_LEVEL = "-Onone";
				SWIFT_VERSION = 5.0;
				TARGETED_DEVICE_FAMILY = "1,2";
				VERSIONING_SYSTEM = "apple-generic";
				VERSION_INFO_PREFIX = "";
			};
			name = Debug;
		};
		5A65257B25BBADEC00FAB962 /* Release */ = {
			isa = XCBuildConfiguration;
			baseConfigurationReference = 139C9777D556B2155D43D91D /* Pods-ChessModel.release.xcconfig */;
			buildSettings = {
				CLANG_ENABLE_MODULES = YES;
				CODE_SIGN_STYLE = Automatic;
				CURRENT_PROJECT_VERSION = 1;
				DEFINES_MODULE = YES;
				DEVELOPMENT_TEAM = E9MW74DJ4Y;
				DYLIB_COMPATIBILITY_VERSION = 1;
				DYLIB_CURRENT_VERSION = 1;
				DYLIB_INSTALL_NAME_BASE = "@rpath";
				INFOPLIST_FILE = ChessModel/Info.plist;
				INSTALL_PATH = "$(LOCAL_LIBRARY_DIR)/Frameworks";
				LD_RUNPATH_SEARCH_PATHS = (
					"$(inherited)",
					"@executable_path/Frameworks",
					"@loader_path/Frameworks",
				);
				PRODUCT_BUNDLE_IDENTIFIER = io.github.sweeper777.ChessModel;
				PRODUCT_NAME = "$(TARGET_NAME:c99extidentifier)";
				SKIP_INSTALL = YES;
				SWIFT_VERSION = 5.0;
				TARGETED_DEVICE_FAMILY = "1,2";
				VERSIONING_SYSTEM = "apple-generic";
				VERSION_INFO_PREFIX = "";
			};
			name = Release;
		};
		5A65257E25BBADEC00FAB962 /* Debug */ = {
			isa = XCBuildConfiguration;
			baseConfigurationReference = A3B20EC80150FEC1E461F082 /* Pods-ChessModel-ChessModelTests.debug.xcconfig */;
			buildSettings = {
				ALWAYS_EMBED_SWIFT_STANDARD_LIBRARIES = YES;
				CODE_SIGN_STYLE = Automatic;
				DEVELOPMENT_TEAM = E9MW74DJ4Y;
				INFOPLIST_FILE = ChessModelTests/Info.plist;
				LD_RUNPATH_SEARCH_PATHS = (
					"$(inherited)",
					"@executable_path/Frameworks",
					"@loader_path/Frameworks",
				);
				PRODUCT_BUNDLE_IDENTIFIER = io.github.sweeper777.ChessModelTests;
				PRODUCT_NAME = "$(TARGET_NAME)";
				SWIFT_VERSION = 5.0;
				TARGETED_DEVICE_FAMILY = "1,2";
				TEST_HOST = "$(BUILT_PRODUCTS_DIR)/ChineseChess.app/ChineseChess";
			};
			name = Debug;
		};
		5A65257F25BBADEC00FAB962 /* Release */ = {
			isa = XCBuildConfiguration;
			baseConfigurationReference = CF673DE788EA6500FF6A8D92 /* Pods-ChessModel-ChessModelTests.release.xcconfig */;
			buildSettings = {
				ALWAYS_EMBED_SWIFT_STANDARD_LIBRARIES = YES;
				CODE_SIGN_STYLE = Automatic;
				DEVELOPMENT_TEAM = E9MW74DJ4Y;
				INFOPLIST_FILE = ChessModelTests/Info.plist;
				LD_RUNPATH_SEARCH_PATHS = (
					"$(inherited)",
					"@executable_path/Frameworks",
					"@loader_path/Frameworks",
				);
				PRODUCT_BUNDLE_IDENTIFIER = io.github.sweeper777.ChessModelTests;
				PRODUCT_NAME = "$(TARGET_NAME)";
				SWIFT_VERSION = 5.0;
				TARGETED_DEVICE_FAMILY = "1,2";
				TEST_HOST = "$(BUILT_PRODUCTS_DIR)/ChineseChess.app/ChineseChess";
			};
			name = Release;
		};
/* End XCBuildConfiguration section */

/* Begin XCConfigurationList section */
		5A65254025BBAC4F00FAB962 /* Build configuration list for PBXProject "ChineseChess" */ = {
			isa = XCConfigurationList;
			buildConfigurations = (
				5A65255725BBAC5200FAB962 /* Debug */,
				5A65255825BBAC5200FAB962 /* Release */,
			);
			defaultConfigurationIsVisible = 0;
			defaultConfigurationName = Release;
		};
		5A65255925BBAC5200FAB962 /* Build configuration list for PBXNativeTarget "ChineseChess" */ = {
			isa = XCConfigurationList;
			buildConfigurations = (
				5A65255A25BBAC5200FAB962 /* Debug */,
				5A65255B25BBAC5200FAB962 /* Release */,
			);
			defaultConfigurationIsVisible = 0;
			defaultConfigurationName = Release;
		};
		5A65257925BBADEC00FAB962 /* Build configuration list for PBXNativeTarget "ChessModel" */ = {
			isa = XCConfigurationList;
			buildConfigurations = (
				5A65257A25BBADEC00FAB962 /* Debug */,
				5A65257B25BBADEC00FAB962 /* Release */,
			);
			defaultConfigurationIsVisible = 0;
			defaultConfigurationName = Release;
		};
		5A65257D25BBADEC00FAB962 /* Build configuration list for PBXNativeTarget "ChessModelTests" */ = {
			isa = XCConfigurationList;
			buildConfigurations = (
				5A65257E25BBADEC00FAB962 /* Debug */,
				5A65257F25BBADEC00FAB962 /* Release */,
			);
			defaultConfigurationIsVisible = 0;
			defaultConfigurationName = Release;
		};
/* End XCConfigurationList section */
	};
	rootObject = 5A65253D25BBAC4F00FAB962 /* Project object */;
}
